
Microsoft Visual Studio Solution File, Format Version 12.00
# Visual Studio Version 16
VisualStudioVersion = 16.0.30804.86
MinimumVisualStudioVersion = 10.0.40219.1
Project("{FAE04EC0-301F-11D3-BF4B-00C04F79EFBC}") = "Tor", "Tor\Tor.csproj", "{2D1B691F-675E-47BB-9B05-9D092C8B6ABF}"
EndProject
Global
	GlobalSection(SolutionConfigurationPlatforms) = preSolution
		Debug|Any CPU = Debug|Any CPU
		Release|Any CPU = Release|Any CPU
	EndGlobalSection
	GlobalSection(ProjectConfigurationPlatforms) = postSolution
		{2D1B691F-675E-47BB-9B05-9D092C8B6ABF}.Debug|Any CPU.ActiveCfg = Debug|Any CPU
		{2D1B691F-675E-47BB-9B05-9D092C8B6ABF}.Debug|Any CPU.Build.0 = Debug|Any CPU
		{2D1B691F-675E-47BB-9B05-9D092C8B6ABF}.Release|Any CPU.ActiveCfg = Release|Any CPU
		{2D1B691F-675E-47BB-9B05-9D092C8B6ABF}.Release|Any CPU.Build.0 = Release|Any CPU
	EndGlobalSection
	GlobalSection(SolutionProperties) = preSolution
		HideSolutionNode = FALSE
	EndGlobalSection
	GlobalSection(ExtensibilityGlobals) = postSolution
		SolutionGuid = {9D812F55-DA26-47C4-9275-EF28F9FFC6AE}
	EndGlobalSection
EndGlobal
